PODS:
  - Google-Mobile-Ads-SDK (7.27.0)
  - SwiftySKScrollView (2.1.0)

DEPENDENCIES:
  - Google-Mobile-Ads-SDK
  - SwiftySKScrollView

SPEC REPOS:
  https://github.com/cocoapods/specs.git:
    - Google-Mobile-Ads-SDK
    - SwiftySKScrollView

SPEC CHECKSUMS:
  Google-Mobile-Ads-SDK: 83f7f890e638ce8f1debd440ea363338c9f6be3b
  SwiftySKScrollView: 4b6c324216ed1d155a91589e32a672dc9308b993

PODFILE CHECKSUM: 68b488c2a9b9ab21c2b194898b00f32821546ccf

COCOAPODS: 1.7.5
