// !$*UTF8*$!
{
	archiveVersion = 1;
	classes = {
	};
	objectVersion = 48;
	objects = {

/* Begin PBXBuildFile section */
		750F139D1FE9DC7500121507 /* AppDelegate.swift in Sources */ = {isa = PBXBuildFile; fileRef = 750F139C1FE9DC7500121507 /* AppDelegate.swift */; };
		750F13AC1FEA1F3600121507 /* Database.swift in Sources */ = {isa = PBXBuildFile; fileRef = 750F13AA1FEA1F3600121507 /* Database.swift */; };
		750F13AD1FEA1F3600121507 /* PersistentEntity.swift in Sources */ = {isa = PBXBuildFile; fileRef = 750F13AB1FEA1F3600121507 /* PersistentEntity.swift */; };
		751115CB1FFEDE02000B87FA /* EndGame.sks in Resources */ = {isa = PBXBuildFile; fileRef = 751115CA1FFEDE02000B87FA /* EndGame.sks */; };
		7513834D1FEAEFD600AE0D5A /* Wall.swift in Sources */ = {isa = PBXBuildFile; fileRef = 7513834C1FEAEFD600AE0D5A /* Wall.swift */; };
		75167FF91FEBA88900A623C1 /* Sprites.atlas in Resources */ = {isa = PBXBuildFile; fileRef = 75167FF81FEBA88900A623C1 /* Sprites.atlas */; };
		75167FFB1FEC912400A623C1 /* iOS Game Theme Medieval Version.wav in Resources */ = {isa = PBXBuildFile; fileRef = 75167FFA1FEC912400A623C1 /* iOS Game Theme Medieval Version.wav */; };
		751680021FEC913200A623C1 /* cannon.mp3 in Resources */ = {isa = PBXBuildFile; fileRef = 75167FFC1FEC912F00A623C1 /* cannon.mp3 */; };
		751680031FEC913200A623C1 /* wall_crack.mp3 in Resources */ = {isa = PBXBuildFile; fileRef = 75167FFD1FEC912F00A623C1 /* wall_crack.mp3 */; };
		751680041FEC913200A623C1 /* gem_match.mp3 in Resources */ = {isa = PBXBuildFile; fileRef = 75167FFE1FEC912F00A623C1 /* gem_match.mp3 */; };
		751680051FEC913200A623C1 /* time_counter.mp3 in Resources */ = {isa = PBXBuildFile; fileRef = 75167FFF1FEC913000A623C1 /* time_counter.mp3 */; };
		751680061FEC913200A623C1 /* wall_smash.mp3 in Resources */ = {isa = PBXBuildFile; fileRef = 751680001FEC913000A623C1 /* wall_smash.mp3 */; };
		751680071FEC913200A623C1 /* special_match.mp3 in Resources */ = {isa = PBXBuildFile; fileRef = 751680011FEC913100A623C1 /* special_match.mp3 */; };
		751680091FEC938700A623C1 /* gem_swap.mp3 in Resources */ = {isa = PBXBuildFile; fileRef = 751680081FEC938700A623C1 /* gem_swap.mp3 */; };
		75197E251FE7C5F00006EDBA /* (null) in Sources */ = {isa = PBXBuildFile; };
		75197E2B1FE7C5F00006EDBA /* GameScene.swift in Sources */ = {isa = PBXBuildFile; fileRef = 75197E2A1FE7C5F00006EDBA /* GameScene.swift */; };
		75197E2D1FE7C5F00006EDBA /* GameController.swift in Sources */ = {isa = PBXBuildFile; fileRef = 75197E2C1FE7C5F00006EDBA /* GameController.swift */; };
		75197E301FE7C5F00006EDBA /* Main.storyboard in Resources */ = {isa = PBXBuildFile; fileRef = 75197E2E1FE7C5F00006EDBA /* Main.storyboard */; };
		75197E321FE7C5F00006EDBA /* Assets.xcassets in Resources */ = {isa = PBXBuildFile; fileRef = 75197E311FE7C5F00006EDBA /* Assets.xcassets */; };
		75197E351FE7C5F00006EDBA /* LaunchScreen.storyboard in Resources */ = {isa = PBXBuildFile; fileRef = 75197E331FE7C5F00006EDBA /* LaunchScreen.storyboard */; };
		75238B0B1FEA323400FFF7BA /* Cannon.swift in Sources */ = {isa = PBXBuildFile; fileRef = 75238B0A1FEA323400FFF7BA /* Cannon.swift */; };
		753738D71FE8FB2000B08292 /* Scrape.wav in Resources */ = {isa = PBXBuildFile; fileRef = 75B62C881FE8DAB300D4F88F /* Scrape.wav */; };
		753738D81FE8FB2000B08292 /* Ka-Ching.wav in Resources */ = {isa = PBXBuildFile; fileRef = 75B62C891FE8DAB300D4F88F /* Ka-Ching.wav */; };
		753738D91FE8FB2000B08292 /* Mining by Moonlight.mp3 in Resources */ = {isa = PBXBuildFile; fileRef = 75B62C8A1FE8DAB300D4F88F /* Mining by Moonlight.mp3 */; };
		753738DA1FE8FB2000B08292 /* Drip.wav in Resources */ = {isa = PBXBuildFile; fileRef = 75B62C8B1FE8DAB300D4F88F /* Drip.wav */; };
		753738DB1FE8FB2000B08292 /* Chomp.wav in Resources */ = {isa = PBXBuildFile; fileRef = 75B62C8C1FE8DAB300D4F88F /* Chomp.wav */; };
		753738DC1FE8FB2000B08292 /* Error.wav in Resources */ = {isa = PBXBuildFile; fileRef = 75B62C8D1FE8DAB300D4F88F /* Error.wav */; };
		757A2A331FE906C4000E98D9 /* Level_2.json in Resources */ = {isa = PBXBuildFile; fileRef = 757A2A2E1FE906C4000E98D9 /* Level_2.json */; };
		757A2A341FE906C4000E98D9 /* Level_3.json in Resources */ = {isa = PBXBuildFile; fileRef = 757A2A2F1FE906C4000E98D9 /* Level_3.json */; };
		757A2A351FE906C4000E98D9 /* Level_4.json in Resources */ = {isa = PBXBuildFile; fileRef = 757A2A301FE906C4000E98D9 /* Level_4.json */; };
		757A2A361FE906C4000E98D9 /* Level_0.json in Resources */ = {isa = PBXBuildFile; fileRef = 757A2A311FE906C4000E98D9 /* Level_0.json */; };
		757A2A371FE906C4000E98D9 /* Level_1.json in Resources */ = {isa = PBXBuildFile; fileRef = 757A2A321FE906C4000E98D9 /* Level_1.json */; };
		75B62C8F1FE8DBB300D4F88F /* Chain.swift in Sources */ = {isa = PBXBuildFile; fileRef = 75B62C8E1FE8DBB300D4F88F /* Chain.swift */; };
		75F00F631FE7CAE400F83F0A /* Gem.swift in Sources */ = {isa = PBXBuildFile; fileRef = 75F00F621FE7CAE400F83F0A /* Gem.swift */; };
		75F00F661FE7CD4300F83F0A /* Array2D.swift in Sources */ = {isa = PBXBuildFile; fileRef = 75F00F651FE7CD4300F83F0A /* Array2D.swift */; };
		75F00F681FE7CED900F83F0A /* Level.swift in Sources */ = {isa = PBXBuildFile; fileRef = 75F00F671FE7CED900F83F0A /* Level.swift */; };
		75F00F6D1FE7DF5F00F83F0A /* Tile.swift in Sources */ = {isa = PBXBuildFile; fileRef = 75F00F6C1FE7DF5F00F83F0A /* Tile.swift */; };
		75F00F6F1FE7DFDB00F83F0A /* Extensions.swift in Sources */ = {isa = PBXBuildFile; fileRef = 75F00F6E1FE7DFDB00F83F0A /* Extensions.swift */; };
		75F00F7C1FE7E69300F83F0A /* Swap.swift in Sources */ = {isa = PBXBuildFile; fileRef = 75F00F7B1FE7E69300F83F0A /* Swap.swift */; };
		7E262D001FFA1C7E00341CEB /* Credits.sks in Resources */ = {isa = PBXBuildFile; fileRef = 7E262CFF1FFA1C7E00341CEB /* Credits.sks */; };
		7E275DA61FF5CBE5009A00C9 /* MainMenu.sks in Resources */ = {isa = PBXBuildFile; fileRef = 7E275DA51FF5CBE5009A00C9 /* MainMenu.sks */; };
		7E275DAF1FF5CE5E009A00C9 /* GameViewController.swift in Sources */ = {isa = PBXBuildFile; fileRef = 7E275DAE1FF5CE5E009A00C9 /* GameViewController.swift */; };
		7E275DB11FF5D909009A00C9 /* MainMenu.swift in Sources */ = {isa = PBXBuildFile; fileRef = 7E275DB01FF5D909009A00C9 /* MainMenu.swift */; };
		7E78C37B1FFA1EB200DD2924 /* Credits.swift in Sources */ = {isa = PBXBuildFile; fileRef = 7E78C37A1FFA1EB200DD2924 /* Credits.swift */; };
		7EB9CA9E1FF65627002C5F04 /* LevelSelection.swift in Sources */ = {isa = PBXBuildFile; fileRef = 7EB9CA9D1FF65627002C5F04 /* LevelSelection.swift */; };
		7EB9CAA71FF65FF7002C5F04 /* LevelSelection.sks in Resources */ = {isa = PBXBuildFile; fileRef = 7EB9CAA61FF65FF7002C5F04 /* LevelSelection.sks */; };
		B3628A071FEB82CA00F432B1 /* The Builder.mp3 in Resources */ = {isa = PBXBuildFile; fileRef = B36289F81FEB82C900F432B1 /* The Builder.mp3 */; };
		B3C2058E1FE9FA4400308B65 /* GameKit.framework in Frameworks */ = {isa = PBXBuildFile; fileRef = B3C2058D1FE9FA4400308B65 /* GameKit.framework */; };
		F3032E38A93ED5D3AA773FE9 /* Pods_SmashMatch.framework in Frameworks */ = {isa = PBXBuildFile; fileRef = 85B07C5B5E55A3462749B0A1 /* Pods_SmashMatch.framework */; };
/* End PBXBuildFile section */

/* Begin PBXContainerItemProxy section */
		2C73E1D61FEB6880006616D6 /* PBXContainerItemProxy */ = {
			isa = PBXContainerItemProxy;
			containerPortal = 2C73E1CC1FEB6880006616D6 /* SQLite.xcodeproj */;
			proxyType = 2;
			remoteGlobalIDString = EE247AD31C3F04ED00AE3E12;
			remoteInfo = "SQLite iOS";
		};
		2C73E1D81FEB6880006616D6 /* PBXContainerItemProxy */ = {
			isa = PBXContainerItemProxy;
			containerPortal = 2C73E1CC1FEB6880006616D6 /* SQLite.xcodeproj */;
			proxyType = 2;
			remoteGlobalIDString = EE247ADD1C3F04ED00AE3E12;
			remoteInfo = "SQLiteTests iOS";
		};
		2C73E1DA1FEB6880006616D6 /* PBXContainerItemProxy */ = {
			isa = PBXContainerItemProxy;
			containerPortal = 2C73E1CC1FEB6880006616D6 /* SQLite.xcodeproj */;
			proxyType = 2;
			remoteGlobalIDString = EE247B3C1C3F3ED000AE3E12;
			remoteInfo = "SQLite Mac";
		};
		2C73E1DC1FEB6880006616D6 /* PBXContainerItemProxy */ = {
			isa = PBXContainerItemProxy;
			containerPortal = 2C73E1CC1FEB6880006616D6 /* SQLite.xcodeproj */;
			proxyType = 2;
			remoteGlobalIDString = EE247B451C3F3ED000AE3E12;
			remoteInfo = "SQLiteTests Mac";
		};
		2C73E1DE1FEB6880006616D6 /* PBXContainerItemProxy */ = {
			isa = PBXContainerItemProxy;
			containerPortal = 2C73E1CC1FEB6880006616D6 /* SQLite.xcodeproj */;
			proxyType = 2;
			remoteGlobalIDString = 03A65E5A1C6BB0F50062603F;
			remoteInfo = "SQLite tvOS";
		};
		2C73E1E01FEB6880006616D6 /* PBXContainerItemProxy */ = {
			isa = PBXContainerItemProxy;
			containerPortal = 2C73E1CC1FEB6880006616D6 /* SQLite.xcodeproj */;
			proxyType = 2;
			remoteGlobalIDString = 03A65E631C6BB0F60062603F;
			remoteInfo = "SQLiteTests tvOS";
		};
		2C73E1E21FEB6880006616D6 /* PBXContainerItemProxy */ = {
			isa = PBXContainerItemProxy;
			containerPortal = 2C73E1CC1FEB6880006616D6 /* SQLite.xcodeproj */;
			proxyType = 2;
			remoteGlobalIDString = A121AC451CA35C79005A31D1;
			remoteInfo = "SQLite watchOS";
		};
		B3B79F651FEB1DAE000ADFD7 /* PBXContainerItemProxy */ = {
			isa = PBXContainerItemProxy;
			containerPortal = B3B79F5B1FEB1DAE000ADFD7 /* SQLite.xcodeproj */;
			proxyType = 2;
			remoteGlobalIDString = EE247AD31C3F04ED00AE3E12;
			remoteInfo = "SQLite iOS";
		};
		B3B79F671FEB1DAE000ADFD7 /* PBXContainerItemProxy */ = {
			isa = PBXContainerItemProxy;
			containerPortal = B3B79F5B1FEB1DAE000ADFD7 /* SQLite.xcodeproj */;
			proxyType = 2;
			remoteGlobalIDString = EE247ADD1C3F04ED00AE3E12;
			remoteInfo = "SQLiteTests iOS";
		};
		B3B79F691FEB1DAE000ADFD7 /* PBXContainerItemProxy */ = {
			isa = PBXContainerItemProxy;
			containerPortal = B3B79F5B1FEB1DAE000ADFD7 /* SQLite.xcodeproj */;
			proxyType = 2;
			remoteGlobalIDString = EE247B3C1C3F3ED000AE3E12;
			remoteInfo = "SQLite Mac";
		};
		B3B79F6B1FEB1DAE000ADFD7 /* PBXContainerItemProxy */ = {
			isa = PBXContainerItemProxy;
			containerPortal = B3B79F5B1FEB1DAE000ADFD7 /* SQLite.xcodeproj */;
			proxyType = 2;
			remoteGlobalIDString = EE247B451C3F3ED000AE3E12;
			remoteInfo = "SQLiteTests Mac";
		};
		B3B79F6D1FEB1DAE000ADFD7 /* PBXContainerItemProxy */ = {
			isa = PBXContainerItemProxy;
			containerPortal = B3B79F5B1FEB1DAE000ADFD7 /* SQLite.xcodeproj */;
			proxyType = 2;
			remoteGlobalIDString = 03A65E5A1C6BB0F50062603F;
			remoteInfo = "SQLite tvOS";
		};
		B3B79F6F1FEB1DAE000ADFD7 /* PBXContainerItemProxy */ = {
			isa = PBXContainerItemProxy;
			containerPortal = B3B79F5B1FEB1DAE000ADFD7 /* SQLite.xcodeproj */;
			proxyType = 2;
			remoteGlobalIDString = 03A65E631C6BB0F60062603F;
			remoteInfo = "SQLiteTests tvOS";
		};
		B3B79F711FEB1DAE000ADFD7 /* PBXContainerItemProxy */ = {
			isa = PBXContainerItemProxy;
			containerPortal = B3B79F5B1FEB1DAE000ADFD7 /* SQLite.xcodeproj */;
			proxyType = 2;
			remoteGlobalIDString = A121AC451CA35C79005A31D1;
			remoteInfo = "SQLite watchOS";
		};
/* End PBXContainerItemProxy section */

/* Begin PBXCopyFilesBuildPhase section */
		B3B79F901FEB1DF5000ADFD7 /* Embed Frameworks */ = {
			isa = PBXCopyFilesBuildPhase;
			buildActionMask = 2147483647;
			dstPath = "";
			dstSubfolderSpec = 10;
			files = (
			);
			name = "Embed Frameworks";
			runOnlyForDeploymentPostprocessing = 0;
		};
/* End PBXCopyFilesBuildPhase section */

/* Begin PBXFileReference section */
		2C73E1CC1FEB6880006616D6 /* SQLite.xcodeproj */ = {isa = PBXFileReference; lastKnownFileType = "wrapper.pb-project"; path = SQLite.xcodeproj; sourceTree = "<group>"; };
		542BB719EA50B9834E6C95D3 /* Pods-SmashMatch.release.xcconfig */ = {isa = PBXFileReference; includeInIndex = 1; lastKnownFileType = text.xcconfig; name = "Pods-SmashMatch.release.xcconfig"; path = "Pods/Target Support Files/Pods-SmashMatch/Pods-SmashMatch.release.xcconfig"; sourceTree = "<group>"; };
		750F139C1FE9DC7500121507 /* AppDelegate.swift */ = {isa = PBXFileReference; fileEncoding = 4; lastKnownFileType = sourcecode.swift; path = AppDelegate.swift; sourceTree = "<group>"; };
		750F13AA1FEA1F3600121507 /* Database.swift */ = {isa = PBXFileReference; fileEncoding = 4; lastKnownFileType = sourcecode.swift; path = Database.swift; sourceTree = "<group>"; };
		750F13AB1FEA1F3600121507 /* PersistentEntity.swift */ = {isa = PBXFileReference; fileEncoding = 4; lastKnownFileType = sourcecode.swift; path = PersistentEntity.swift; sourceTree = "<group>"; };
		751115CA1FFEDE02000B87FA /* EndGame.sks */ = {isa = PBXFileReference; lastKnownFileType = file.sks; path = EndGame.sks; sourceTree = "<group>"; };
		7513834C1FEAEFD600AE0D5A /* Wall.swift */ = {isa = PBXFileReference; lastKnownFileType = sourcecode.swift; path = Wall.swift; sourceTree = "<group>"; };
		75167FF81FEBA88900A623C1 /* Sprites.atlas */ = {isa = PBXFileReference; lastKnownFileType = folder.skatlas; path = Sprites.atlas; sourceTree = "<group>"; };
		75167FFA1FEC912400A623C1 /* iOS Game Theme Medieval Version.wav */ = {isa = PBXFileReference; lastKnownFileType = audio.wav; path = "iOS Game Theme Medieval Version.wav"; sourceTree = "<group>"; };
		75167FFC1FEC912F00A623C1 /* cannon.mp3 */ = {isa = PBXFileReference; lastKnownFileType = audio.mp3; path = cannon.mp3; sourceTree = "<group>"; };
		75167FFD1FEC912F00A623C1 /* wall_crack.mp3 */ = {isa = PBXFileReference; lastKnownFileType = audio.mp3; path = wall_crack.mp3; sourceTree = "<group>"; };
		75167FFE1FEC912F00A623C1 /* gem_match.mp3 */ = {isa = PBXFileReference; lastKnownFileType = audio.mp3; path = gem_match.mp3; sourceTree = "<group>"; };
		75167FFF1FEC913000A623C1 /* time_counter.mp3 */ = {isa = PBXFileReference; lastKnownFileType = audio.mp3; path = time_counter.mp3; sourceTree = "<group>"; };
		751680001FEC913000A623C1 /* wall_smash.mp3 */ = {isa = PBXFileReference; lastKnownFileType = audio.mp3; path = wall_smash.mp3; sourceTree = "<group>"; };
		751680011FEC913100A623C1 /* special_match.mp3 */ = {isa = PBXFileReference; lastKnownFileType = audio.mp3; path = special_match.mp3; sourceTree = "<group>"; };
		751680081FEC938700A623C1 /* gem_swap.mp3 */ = {isa = PBXFileReference; lastKnownFileType = audio.mp3; path = gem_swap.mp3; sourceTree = "<group>"; };
		75197E211FE7C5F00006EDBA /* SmashMatch.app */ = {isa = PBXFileReference; explicitFileType = wrapper.application; includeInIndex = 0; path = SmashMatch.app; sourceTree = BUILT_PRODUCTS_DIR; };
		75197E2A1FE7C5F00006EDBA /* GameScene.swift */ = {isa = PBXFileReference; lastKnownFileType = sourcecode.swift; path = GameScene.swift; sourceTree = "<group>"; };
		75197E2C1FE7C5F00006EDBA /* GameController.swift */ = {isa = PBXFileReference; lastKnownFileType = sourcecode.swift; path = GameController.swift; sourceTree = "<group>"; };
		75197E2F1FE7C5F00006EDBA /* Base */ = {isa = PBXFileReference; lastKnownFileType = file.storyboard; name = Base; path = Base.lproj/Main.storyboard; sourceTree = "<group>"; };
		75197E311FE7C5F00006EDBA /* Assets.xcassets */ = {isa = PBXFileReference; lastKnownFileType = folder.assetcatalog; path = Assets.xcassets; sourceTree = "<group>"; };
		75197E341FE7C5F00006EDBA /* Base */ = {isa = PBXFileReference; lastKnownFileType = file.storyboard; name = Base; path = Base.lproj/LaunchScreen.storyboard; sourceTree = "<group>"; };
		75197E361FE7C5F00006EDBA /* Info.plist */ = {isa = PBXFileReference; lastKnownFileType = text.plist.xml; path = Info.plist; sourceTree = "<group>"; };
		75238B0A1FEA323400FFF7BA /* Cannon.swift */ = {isa = PBXFileReference; lastKnownFileType = sourcecode.swift; path = Cannon.swift; sourceTree = "<group>"; };
		757A2A2E1FE906C4000E98D9 /* Level_2.json */ = {isa = PBXFileReference; fileEncoding = 4; lastKnownFileType = text.json; path = Level_2.json; sourceTree = "<group>"; };
		757A2A2F1FE906C4000E98D9 /* Level_3.json */ = {isa = PBXFileReference; fileEncoding = 4; lastKnownFileType = text.json; path = Level_3.json; sourceTree = "<group>"; };
		757A2A301FE906C4000E98D9 /* Level_4.json */ = {isa = PBXFileReference; fileEncoding = 4; lastKnownFileType = text.json; path = Level_4.json; sourceTree = "<group>"; };
		757A2A311FE906C4000E98D9 /* Level_0.json */ = {isa = PBXFileReference; fileEncoding = 4; lastKnownFileType = text.json; path = Level_0.json; sourceTree = "<group>"; };
		757A2A321FE906C4000E98D9 /* Level_1.json */ = {isa = PBXFileReference; fileEncoding = 4; lastKnownFileType = text.json; path = Level_1.json; sourceTree = "<group>"; };
		75B62C881FE8DAB300D4F88F /* Scrape.wav */ = {isa = PBXFileReference; lastKnownFileType = audio.wav; path = Scrape.wav; sourceTree = "<group>"; };
		75B62C891FE8DAB300D4F88F /* Ka-Ching.wav */ = {isa = PBXFileReference; lastKnownFileType = audio.wav; path = "Ka-Ching.wav"; sourceTree = "<group>"; };
		75B62C8A1FE8DAB300D4F88F /* Mining by Moonlight.mp3 */ = {isa = PBXFileReference; lastKnownFileType = audio.mp3; path = "Mining by Moonlight.mp3"; sourceTree = "<group>"; };
		75B62C8B1FE8DAB300D4F88F /* Drip.wav */ = {isa = PBXFileReference; lastKnownFileType = audio.wav; path = Drip.wav; sourceTree = "<group>"; };
		75B62C8C1FE8DAB300D4F88F /* Chomp.wav */ = {isa = PBXFileReference; lastKnownFileType = audio.wav; path = Chomp.wav; sourceTree = "<group>"; };
		75B62C8D1FE8DAB300D4F88F /* Error.wav */ = {isa = PBXFileReference; lastKnownFileType = audio.wav; path = Error.wav; sourceTree = "<group>"; };
		75B62C8E1FE8DBB300D4F88F /* Chain.swift */ = {isa = PBXFileReference; lastKnownFileType = sourcecode.swift; path = Chain.swift; sourceTree = "<group>"; };
		75F00F621FE7CAE400F83F0A /* Gem.swift */ = {isa = PBXFileReference; lastKnownFileType = sourcecode.swift; path = Gem.swift; sourceTree = "<group>"; };
		75F00F651FE7CD4300F83F0A /* Array2D.swift */ = {isa = PBXFileReference; lastKnownFileType = sourcecode.swift; path = Array2D.swift; sourceTree = "<group>"; };
		75F00F671FE7CED900F83F0A /* Level.swift */ = {isa = PBXFileReference; lastKnownFileType = sourcecode.swift; path = Level.swift; sourceTree = "<group>"; };
		75F00F6C1FE7DF5F00F83F0A /* Tile.swift */ = {isa = PBXFileReference; lastKnownFileType = sourcecode.swift; path = Tile.swift; sourceTree = "<group>"; };
		75F00F6E1FE7DFDB00F83F0A /* Extensions.swift */ = {isa = PBXFileReference; lastKnownFileType = sourcecode.swift; path = Extensions.swift; sourceTree = "<group>"; };
		75F00F7B1FE7E69300F83F0A /* Swap.swift */ = {isa = PBXFileReference; lastKnownFileType = sourcecode.swift; path = Swap.swift; sourceTree = "<group>"; };
		7E262CFF1FFA1C7E00341CEB /* Credits.sks */ = {isa = PBXFileReference; lastKnownFileType = file.sks; path = Credits.sks; sourceTree = "<group>"; };
		7E275DA51FF5CBE5009A00C9 /* MainMenu.sks */ = {isa = PBXFileReference; lastKnownFileType = file.sks; path = MainMenu.sks; sourceTree = "<group>"; };
		7E275DAE1FF5CE5E009A00C9 /* GameViewController.swift */ = {isa = PBXFileReference; lastKnownFileType = sourcecode.swift; path = GameViewController.swift; sourceTree = "<group>"; };
		7E275DB01FF5D909009A00C9 /* MainMenu.swift */ = {isa = PBXFileReference; lastKnownFileType = sourcecode.swift; path = MainMenu.swift; sourceTree = "<group>"; };
		7E78C37A1FFA1EB200DD2924 /* Credits.swift */ = {isa = PBXFileReference; lastKnownFileType = sourcecode.swift; path = Credits.swift; sourceTree = "<group>"; };
		7EB9CA9D1FF65627002C5F04 /* LevelSelection.swift */ = {isa = PBXFileReference; lastKnownFileType = sourcecode.swift; path = LevelSelection.swift; sourceTree = "<group>"; };
		7EB9CAA61FF65FF7002C5F04 /* LevelSelection.sks */ = {isa = PBXFileReference; lastKnownFileType = file.sks; path = LevelSelection.sks; sourceTree = "<group>"; };
		85B07C5B5E55A3462749B0A1 /* Pods_SmashMatch.framework */ = {isa = PBXFileReference; explicitFileType = wrapper.framework; includeInIndex = 0; path = Pods_SmashMatch.framework; sourceTree = BUILT_PRODUCTS_DIR; };
		AAE41AE1E837F049E845EA54 /* Pods-SmashMatch.debug.xcconfig */ = {isa = PBXFileReference; includeInIndex = 1; lastKnownFileType = text.xcconfig; name = "Pods-SmashMatch.debug.xcconfig"; path = "Pods/Target Support Files/Pods-SmashMatch/Pods-SmashMatch.debug.xcconfig"; sourceTree = "<group>"; };
		B36289F81FEB82C900F432B1 /* The Builder.mp3 */ = {isa = PBXFileReference; lastKnownFileType = audio.mp3; path = "The Builder.mp3"; sourceTree = "<group>"; };
		B3B79F5B1FEB1DAE000ADFD7 /* SQLite.xcodeproj */ = {isa = PBXFileReference; lastKnownFileType = "wrapper.pb-project"; name = SQLite.xcodeproj; path = "../../Downloads/SQLite-2.swift-master/SQLite.xcodeproj"; sourceTree = "<group>"; };
		B3C2058C1FE9F86D00308B65 /* SmashMatch.entitlements */ = {isa = PBXFileReference; lastKnownFileType = text.plist.entitlements; path = SmashMatch.entitlements; sourceTree = "<group>"; };
		B3C2058D1FE9FA4400308B65 /* GameKit.framework */ = {isa = PBXFileReference; lastKnownFileType = wrapper.framework; name = GameKit.framework; path = System/Library/Frameworks/GameKit.framework; sourceTree = SDKROOT; };
/* End PBXFileReference section */

/* Begin PBXFrameworksBuildPhase section */
		75197E1E1FE7C5F00006EDBA /* Frameworks */ = {
			isa = PBXFrameworksBuildPhase;
			buildActionMask = 2147483647;
			files = (
				B3C2058E1FE9FA4400308B65 /* GameKit.framework in Frameworks */,
				F3032E38A93ED5D3AA773FE9 /* Pods_SmashMatch.framework in Frameworks */,
			);
			runOnlyForDeploymentPostprocessing = 0;
		};
/* End PBXFrameworksBuildPhase section */

/* Begin PBXGroup section */
		2C73E1CD1FEB6880006616D6 /* Products */ = {
			isa = PBXGroup;
			children = (
				2C73E1D71FEB6880006616D6 /* SQLite.framework */,
				2C73E1D91FEB6880006616D6 /* SQLiteTests iOS.xctest */,
				2C73E1DB1FEB6880006616D6 /* SQLite.framework */,
				2C73E1DD1FEB6880006616D6 /* SQLiteTests Mac.xctest */,
				2C73E1DF1FEB6880006616D6 /* SQLite.framework */,
				2C73E1E11FEB6880006616D6 /* SQLiteTests tvOS.xctest */,
				2C73E1E31FEB6880006616D6 /* SQLite.framework */,
			);
			name = Products;
			sourceTree = "<group>";
		};
		6E6320BAD56CC4B8D2714D26 /* Pods */ = {
			isa = PBXGroup;
			children = (
				AAE41AE1E837F049E845EA54 /* Pods-SmashMatch.debug.xcconfig */,
				542BB719EA50B9834E6C95D3 /* Pods-SmashMatch.release.xcconfig */,
			);
			name = Pods;
			sourceTree = "<group>";
		};
		750F13A91FEA1F3600121507 /* Database */ = {
			isa = PBXGroup;
			children = (
				750F13AA1FEA1F3600121507 /* Database.swift */,
				750F13AB1FEA1F3600121507 /* PersistentEntity.swift */,
			);
			path = Database;
			sourceTree = "<group>";
		};
		75197E181FE7C5F00006EDBA = {
			isa = PBXGroup;
			children = (
				2C73E1CC1FEB6880006616D6 /* SQLite.xcodeproj */,
				75197E231FE7C5F00006EDBA /* SmashMatch */,
				75197E221FE7C5F00006EDBA /* Products */,
				6E6320BAD56CC4B8D2714D26 /* Pods */,
				BFFB663BE5E21F8A0906968E /* Frameworks */,
			);
			sourceTree = "<group>";
		};
		75197E221FE7C5F00006EDBA /* Products */ = {
			isa = PBXGroup;
			children = (
				75197E211FE7C5F00006EDBA /* SmashMatch.app */,
			);
			name = Products;
			sourceTree = "<group>";
		};
		75197E231FE7C5F00006EDBA /* SmashMatch */ = {
			isa = PBXGroup;
			children = (
				B3C2058C1FE9F86D00308B65 /* SmashMatch.entitlements */,
				75F00F691FE7D9FD00F83F0A /* OtherAppScreens */,
				75197E411FE7C8820006EDBA /* Misc */,
				75197E3F1FE7C8530006EDBA /* GameController */,
				75F00F641FE7CB0B00F83F0A /* GameModels */,
				75197E401FE7C85F0006EDBA /* GameViews */,
				750F13A91FEA1F3600121507 /* Database */,
				7E275DAE1FF5CE5E009A00C9 /* GameViewController.swift */,
				75F00F6E1FE7DFDB00F83F0A /* Extensions.swift */,
				75197E3E1FE7C8250006EDBA /* Resources */,
			);
			path = SmashMatch;
			sourceTree = "<group>";
		};
		75197E3E1FE7C8250006EDBA /* Resources */ = {
			isa = PBXGroup;
			children = (
				75B62C871FE8DAB300D4F88F /* Sounds */,
				757A2A2D1FE906C4000E98D9 /* Levels */,
				75197E311FE7C5F00006EDBA /* Assets.xcassets */,
				75167FF81FEBA88900A623C1 /* Sprites.atlas */,
			);
			path = Resources;
			sourceTree = "<group>";
		};
		75197E3F1FE7C8530006EDBA /* GameController */ = {
			isa = PBXGroup;
			children = (
				75197E2C1FE7C5F00006EDBA /* GameController.swift */,
			);
			path = GameController;
			sourceTree = "<group>";
		};
		75197E401FE7C85F0006EDBA /* GameViews */ = {
			isa = PBXGroup;
			children = (
				75197E2A1FE7C5F00006EDBA /* GameScene.swift */,
			);
			path = GameViews;
			sourceTree = "<group>";
		};
		75197E411FE7C8820006EDBA /* Misc */ = {
			isa = PBXGroup;
			children = (
				750F139C1FE9DC7500121507 /* AppDelegate.swift */,
				75197E361FE7C5F00006EDBA /* Info.plist */,
				75197E2E1FE7C5F00006EDBA /* Main.storyboard */,
				75197E331FE7C5F00006EDBA /* LaunchScreen.storyboard */,
			);
			path = Misc;
			sourceTree = "<group>";
		};
		757A2A2D1FE906C4000E98D9 /* Levels */ = {
			isa = PBXGroup;
			children = (
				757A2A2E1FE906C4000E98D9 /* Level_2.json */,
				757A2A2F1FE906C4000E98D9 /* Level_3.json */,
				757A2A301FE906C4000E98D9 /* Level_4.json */,
				757A2A311FE906C4000E98D9 /* Level_0.json */,
				757A2A321FE906C4000E98D9 /* Level_1.json */,
			);
			path = Levels;
			sourceTree = "<group>";
		};
		75B62C871FE8DAB300D4F88F /* Sounds */ = {
			isa = PBXGroup;
			children = (
				75167FFA1FEC912400A623C1 /* iOS Game Theme Medieval Version.wav */,
				75167FFC1FEC912F00A623C1 /* cannon.mp3 */,
				75167FFE1FEC912F00A623C1 /* gem_match.mp3 */,
				751680011FEC913100A623C1 /* special_match.mp3 */,
				75167FFF1FEC913000A623C1 /* time_counter.mp3 */,
				75167FFD1FEC912F00A623C1 /* wall_crack.mp3 */,
				751680001FEC913000A623C1 /* wall_smash.mp3 */,
				751680081FEC938700A623C1 /* gem_swap.mp3 */,
				75B62C881FE8DAB300D4F88F /* Scrape.wav */,
				75B62C891FE8DAB300D4F88F /* Ka-Ching.wav */,
				B36289F81FEB82C900F432B1 /* The Builder.mp3 */,
				75B62C8A1FE8DAB300D4F88F /* Mining by Moonlight.mp3 */,
				75B62C8B1FE8DAB300D4F88F /* Drip.wav */,
				75B62C8C1FE8DAB300D4F88F /* Chomp.wav */,
				75B62C8D1FE8DAB300D4F88F /* Error.wav */,
			);
			path = Sounds;
			sourceTree = "<group>";
		};
		75F00F641FE7CB0B00F83F0A /* GameModels */ = {
			isa = PBXGroup;
			children = (
				75F00F621FE7CAE400F83F0A /* Gem.swift */,
				75F00F651FE7CD4300F83F0A /* Array2D.swift */,
				75F00F671FE7CED900F83F0A /* Level.swift */,
				75F00F6C1FE7DF5F00F83F0A /* Tile.swift */,
				75F00F7B1FE7E69300F83F0A /* Swap.swift */,
				75B62C8E1FE8DBB300D4F88F /* Chain.swift */,
				75238B0A1FEA323400FFF7BA /* Cannon.swift */,
				7513834C1FEAEFD600AE0D5A /* Wall.swift */,
			);
			path = GameModels;
			sourceTree = "<group>";
		};
		75F00F691FE7D9FD00F83F0A /* OtherAppScreens */ = {
			isa = PBXGroup;
			children = (
				7E275DA51FF5CBE5009A00C9 /* MainMenu.sks */,
				7E275DB01FF5D909009A00C9 /* MainMenu.swift */,
				7EB9CAA61FF65FF7002C5F04 /* LevelSelection.sks */,
				7EB9CA9D1FF65627002C5F04 /* LevelSelection.swift */,
				7E262CFF1FFA1C7E00341CEB /* Credits.sks */,
				7E78C37A1FFA1EB200DD2924 /* Credits.swift */,
				751115CA1FFEDE02000B87FA /* EndGame.sks */,
			);
			path = OtherAppScreens;
			sourceTree = "<group>";
		};
		B3B79F5C1FEB1DAE000ADFD7 /* Products */ = {
			isa = PBXGroup;
			children = (
				B3B79F661FEB1DAE000ADFD7 /* SQLite.framework */,
				B3B79F681FEB1DAE000ADFD7 /* SQLiteTests iOS.xctest */,
				B3B79F6A1FEB1DAE000ADFD7 /* SQLite.framework */,
				B3B79F6C1FEB1DAE000ADFD7 /* SQLiteTests Mac.xctest */,
				B3B79F6E1FEB1DAE000ADFD7 /* SQLite.framework */,
				B3B79F701FEB1DAE000ADFD7 /* SQLiteTests tvOS.xctest */,
				B3B79F721FEB1DAE000ADFD7 /* SQLite.framework */,
			);
			name = Products;
			sourceTree = "<group>";
		};
		BFFB663BE5E21F8A0906968E /* Frameworks */ = {
			isa = PBXGroup;
			children = (
				B3C2058D1FE9FA4400308B65 /* GameKit.framework */,
				85B07C5B5E55A3462749B0A1 /* Pods_SmashMatch.framework */,
				B3B79F5B1FEB1DAE000ADFD7 /* SQLite.xcodeproj */,
			);
			name = Frameworks;
			sourceTree = "<group>";
		};
/* End PBXGroup section */

/* Begin PBXNativeTarget section */
		75197E201FE7C5F00006EDBA /* SmashMatch */ = {
			isa = PBXNativeTarget;
			buildConfigurationList = 75197E391FE7C5F00006EDBA /* Build configuration list for PBXNativeTarget "SmashMatch" */;
			buildPhases = (
				BA7512A1A9409A49CBD81295 /* [CP] Check Pods Manifest.lock */,
				75197E1D1FE7C5F00006EDBA /* Sources */,
				75197E1E1FE7C5F00006EDBA /* Frameworks */,
				75197E1F1FE7C5F00006EDBA /* Resources */,
				86AEDAA389E222AABD0EEF18 /* [CP] Embed Pods Frameworks */,
				4C1889BB07B172B41ADD167C /* [CP] Copy Pods Resources */,
				B3B79F901FEB1DF5000ADFD7 /* Embed Frameworks */,
			);
			buildRules = (
			);
			dependencies = (
			);
			name = SmashMatch;
			productName = CookieCrunch;
			productReference = 75197E211FE7C5F00006EDBA /* SmashMatch.app */;
			productType = "com.apple.product-type.application";
		};
/* End PBXNativeTarget section */

/* Begin PBXProject section */
		75197E191FE7C5F00006EDBA /* Project object */ = {
			isa = PBXProject;
			attributes = {
				LastSwiftUpdateCheck = 0920;
				LastUpgradeCheck = 0920;
				ORGANIZATIONNAME = "Cameron Porter";
				TargetAttributes = {
					75197E201FE7C5F00006EDBA = {
						CreatedOnToolsVersion = 9.2;
						LastSwiftMigration = 0920;
						ProvisioningStyle = Automatic;
						SystemCapabilities = {
							com.apple.GameCenter = {
								enabled = 1;
							};
							com.apple.Push = {
								enabled = 0;
							};
							com.apple.iCloud = {
								enabled = 0;
							};
						};
					};
				};
			};
			buildConfigurationList = 75197E1C1FE7C5F00006EDBA /* Build configuration list for PBXProject "SmashMatch" */;
			compatibilityVersion = "Xcode 8.0";
			developmentRegion = en;
			hasScannedForEncodings = 0;
			knownRegions = (
				en,
				Base,
			);
			mainGroup = 75197E181FE7C5F00006EDBA;
			productRefGroup = 75197E221FE7C5F00006EDBA /* Products */;
			projectDirPath = "";
			projectReferences = (
				{
					ProductGroup = B3B79F5C1FEB1DAE000ADFD7 /* Products */;
					ProjectRef = B3B79F5B1FEB1DAE000ADFD7 /* SQLite.xcodeproj */;
				},
				{
					ProductGroup = 2C73E1CD1FEB6880006616D6 /* Products */;
					ProjectRef = 2C73E1CC1FEB6880006616D6 /* SQLite.xcodeproj */;
				},
			);
			projectRoot = "";
			targets = (
				75197E201FE7C5F00006EDBA /* SmashMatch */,
			);
		};
/* End PBXProject section */

/* Begin PBXReferenceProxy section */
		2C73E1D71FEB6880006616D6 /* SQLite.framework */ = {
			isa = PBXReferenceProxy;
			fileType = wrapper.framework;
			path = SQLite.framework;
			remoteRef = 2C73E1D61FEB6880006616D6 /* PBXContainerItemProxy */;
			sourceTree = BUILT_PRODUCTS_DIR;
		};
		2C73E1D91FEB6880006616D6 /* SQLiteTests iOS.xctest */ = {
			isa = PBXReferenceProxy;
			fileType = wrapper.cfbundle;
			path = "SQLiteTests iOS.xctest";
			remoteRef = 2C73E1D81FEB6880006616D6 /* PBXContainerItemProxy */;
			sourceTree = BUILT_PRODUCTS_DIR;
		};
		2C73E1DB1FEB6880006616D6 /* SQLite.framework */ = {
			isa = PBXReferenceProxy;
			fileType = wrapper.framework;
			path = SQLite.framework;
			remoteRef = 2C73E1DA1FEB6880006616D6 /* PBXContainerItemProxy */;
			sourceTree = BUILT_PRODUCTS_DIR;
		};
		2C73E1DD1FEB6880006616D6 /* SQLiteTests Mac.xctest */ = {
			isa = PBXReferenceProxy;
			fileType = wrapper.cfbundle;
			path = "SQLiteTests Mac.xctest";
			remoteRef = 2C73E1DC1FEB6880006616D6 /* PBXContainerItemProxy */;
			sourceTree = BUILT_PRODUCTS_DIR;
		};
		2C73E1DF1FEB6880006616D6 /* SQLite.framework */ = {
			isa = PBXReferenceProxy;
			fileType = wrapper.framework;
			path = SQLite.framework;
			remoteRef = 2C73E1DE1FEB6880006616D6 /* PBXContainerItemProxy */;
			sourceTree = BUILT_PRODUCTS_DIR;
		};
		2C73E1E11FEB6880006616D6 /* SQLiteTests tvOS.xctest */ = {
			isa = PBXReferenceProxy;
			fileType = wrapper.cfbundle;
			path = "SQLiteTests tvOS.xctest";
			remoteRef = 2C73E1E01FEB6880006616D6 /* PBXContainerItemProxy */;
			sourceTree = BUILT_PRODUCTS_DIR;
		};
		2C73E1E31FEB6880006616D6 /* SQLite.framework */ = {
			isa = PBXReferenceProxy;
			fileType = wrapper.framework;
			path = SQLite.framework;
			remoteRef = 2C73E1E21FEB6880006616D6 /* PBXContainerItemProxy */;
			sourceTree = BUILT_PRODUCTS_DIR;
		};
		B3B79F661FEB1DAE000ADFD7 /* SQLite.framework */ = {
			isa = PBXReferenceProxy;
			fileType = wrapper.framework;
			path = SQLite.framework;
			remoteRef = B3B79F651FEB1DAE000ADFD7 /* PBXContainerItemProxy */;
			sourceTree = BUILT_PRODUCTS_DIR;
		};
		B3B79F681FEB1DAE000ADFD7 /* SQLiteTests iOS.xctest */ = {
			isa = PBXReferenceProxy;
			fileType = wrapper.cfbundle;
			path = "SQLiteTests iOS.xctest";
			remoteRef = B3B79F671FEB1DAE000ADFD7 /* PBXContainerItemProxy */;
			sourceTree = BUILT_PRODUCTS_DIR;
		};
		B3B79F6A1FEB1DAE000ADFD7 /* SQLite.framework */ = {
			isa = PBXReferenceProxy;
			fileType = wrapper.framework;
			path = SQLite.framework;
			remoteRef = B3B79F691FEB1DAE000ADFD7 /* PBXContainerItemProxy */;
			sourceTree = BUILT_PRODUCTS_DIR;
		};
		B3B79F6C1FEB1DAE000ADFD7 /* SQLiteTests Mac.xctest */ = {
			isa = PBXReferenceProxy;
			fileType = wrapper.cfbundle;
			path = "SQLiteTests Mac.xctest";
			remoteRef = B3B79F6B1FEB1DAE000ADFD7 /* PBXContainerItemProxy */;
			sourceTree = BUILT_PRODUCTS_DIR;
		};
		B3B79F6E1FEB1DAE000ADFD7 /* SQLite.framework */ = {
			isa = PBXReferenceProxy;
			fileType = wrapper.framework;
			path = SQLite.framework;
			remoteRef = B3B79F6D1FEB1DAE000ADFD7 /* PBXContainerItemProxy */;
			sourceTree = BUILT_PRODUCTS_DIR;
		};
		B3B79F701FEB1DAE000ADFD7 /* SQLiteTests tvOS.xctest */ = {
			isa = PBXReferenceProxy;
			fileType = wrapper.cfbundle;
			path = "SQLiteTests tvOS.xctest";
			remoteRef = B3B79F6F1FEB1DAE000ADFD7 /* PBXContainerItemProxy */;
			sourceTree = BUILT_PRODUCTS_DIR;
		};
		B3B79F721FEB1DAE000ADFD7 /* SQLite.framework */ = {
			isa = PBXReferenceProxy;
			fileType = wrapper.framework;
			path = SQLite.framework;
			remoteRef = B3B79F711FEB1DAE000ADFD7 /* PBXContainerItemProxy */;
			sourceTree = BUILT_PRODUCTS_DIR;
		};
/* End PBXReferenceProxy section */

/* Begin PBXResourcesBuildPhase section */
		75197E1F1FE7C5F00006EDBA /* Resources */ = {
			isa = PBXResourcesBuildPhase;
			buildActionMask = 2147483647;
			files = (
				757A2A361FE906C4000E98D9 /* Level_0.json in Resources */,
				757A2A331FE906C4000E98D9 /* Level_2.json in Resources */,
				753738D71FE8FB2000B08292 /* Scrape.wav in Resources */,
				757A2A351FE906C4000E98D9 /* Level_4.json in Resources */,
				751680041FEC913200A623C1 /* gem_match.mp3 in Resources */,
				751680091FEC938700A623C1 /* gem_swap.mp3 in Resources */,
				753738D81FE8FB2000B08292 /* Ka-Ching.wav in Resources */,
				751680021FEC913200A623C1 /* cannon.mp3 in Resources */,
				B3628A071FEB82CA00F432B1 /* The Builder.mp3 in Resources */,
				753738D91FE8FB2000B08292 /* Mining by Moonlight.mp3 in Resources */,
				75167FFB1FEC912400A623C1 /* iOS Game Theme Medieval Version.wav in Resources */,
				753738DA1FE8FB2000B08292 /* Drip.wav in Resources */,
				751680031FEC913200A623C1 /* wall_crack.mp3 in Resources */,
				7E262D001FFA1C7E00341CEB /* Credits.sks in Resources */,
				751680051FEC913200A623C1 /* time_counter.mp3 in Resources */,
				751115CB1FFEDE02000B87FA /* EndGame.sks in Resources */,
				753738DB1FE8FB2000B08292 /* Chomp.wav in Resources */,
				753738DC1FE8FB2000B08292 /* Error.wav in Resources */,
				75167FF91FEBA88900A623C1 /* Sprites.atlas in Resources */,
				75197E301FE7C5F00006EDBA /* Main.storyboard in Resources */,
				751680061FEC913200A623C1 /* wall_smash.mp3 in Resources */,
				757A2A371FE906C4000E98D9 /* Level_1.json in Resources */,
				751680071FEC913200A623C1 /* special_match.mp3 in Resources */,
				7EB9CAA71FF65FF7002C5F04 /* LevelSelection.sks in Resources */,
				757A2A341FE906C4000E98D9 /* Level_3.json in Resources */,
				75197E321FE7C5F00006EDBA /* Assets.xcassets in Resources */,
				7E275DA61FF5CBE5009A00C9 /* MainMenu.sks in Resources */,
				75197E351FE7C5F00006EDBA /* LaunchScreen.storyboard in Resources */,
			);
			runOnlyForDeploymentPostprocessing = 0;
		};
/* End PBXResourcesBuildPhase section */

/* Begin PBXShellScriptBuildPhase section */
		4C1889BB07B172B41ADD167C /* [CP] Copy Pods Resources */ = {
			isa = PBXShellScriptBuildPhase;
			buildActionMask = 2147483647;
			files = (
			);
			inputPaths = (
			);
			name = "[CP] Copy Pods Resources";
			outputPaths = (
			);
			runOnlyForDeploymentPostprocessing = 0;
			shellPath = /bin/sh;
			shellScript = "\"${SRCROOT}/Pods/Target Support Files/Pods-SmashMatch/Pods-SmashMatch-resources.sh\"\n";
			showEnvVarsInLog = 0;
		};
		86AEDAA389E222AABD0EEF18 /* [CP] Embed Pods Frameworks */ = {
			isa = PBXShellScriptBuildPhase;
			buildActionMask = 2147483647;
			files = (
			);
			inputPaths = (
				"${SRCROOT}/Pods/Target Support Files/Pods-SmashMatch/Pods-SmashMatch-frameworks.sh",
				"${BUILT_PRODUCTS_DIR}/SQLite.swift/SQLite.framework",
				"${BUILT_PRODUCTS_DIR}/SwiftySKScrollView/SwiftySKScrollView.framework",
			);
			name = "[CP] Embed Pods Frameworks";
			outputPaths = (
				"${TARGET_BUILD_DIR}/${FRAMEWORKS_FOLDER_PATH}/SQLite.framework",
				"${TARGET_BUILD_DIR}/${FRAMEWORKS_FOLDER_PATH}/SwiftySKScrollView.framework",
			);
			runOnlyForDeploymentPostprocessing = 0;
			shellPath = /bin/sh;
			shellScript = "\"${SRCROOT}/Pods/Target Support Files/Pods-SmashMatch/Pods-SmashMatch-frameworks.sh\"\n";
			showEnvVarsInLog = 0;
		};
		BA7512A1A9409A49CBD81295 /* [CP] Check Pods Manifest.lock */ = {
			isa = PBXShellScriptBuildPhase;
			buildActionMask = 2147483647;
			files = (
			);
			inputPaths = (
				"${PODS_PODFILE_DIR_PATH}/Podfile.lock",
				"${PODS_ROOT}/Manifest.lock",
			);
			name = "[CP] Check Pods Manifest.lock";
			outputPaths = (
				"$(DERIVED_FILE_DIR)/Pods-SmashMatch-checkManifestLockResult.txt",
			);
			runOnlyForDeploymentPostprocessing = 0;
			shellPath = /bin/sh;
			shellScript = "diff \"${PODS_PODFILE_DIR_PATH}/Podfile.lock\" \"${PODS_ROOT}/Manifest.lock\" > /dev/null\nif [ $? != 0 ] ; then\n    # print error to STDERR\n    echo \"error: The sandbox is not in sync with the Podfile.lock. Run 'pod install' or update your CocoaPods installation.\" >&2\n    exit 1\nfi\n# This output is used by Xcode 'outputs' to avoid re-running this script phase.\necho \"SUCCESS\" > \"${SCRIPT_OUTPUT_FILE_0}\"\n";
			showEnvVarsInLog = 0;
		};
/* End PBXShellScriptBuildPhase section */

/* Begin PBXSourcesBuildPhase section */
		75197E1D1FE7C5F00006EDBA /* Sources */ = {
			isa = PBXSourcesBuildPhase;
			buildActionMask = 2147483647;
			files = (
				7E78C37B1FFA1EB200DD2924 /* Credits.swift in Sources */,
				7E275DAF1FF5CE5E009A00C9 /* GameViewController.swift in Sources */,
				75F00F681FE7CED900F83F0A /* Level.swift in Sources */,
				7513834D1FEAEFD600AE0D5A /* Wall.swift in Sources */,
				75F00F6F1FE7DFDB00F83F0A /* Extensions.swift in Sources */,
				75197E2B1FE7C5F00006EDBA /* GameScene.swift in Sources */,
				75B62C8F1FE8DBB300D4F88F /* Chain.swift in Sources */,
				75238B0B1FEA323400FFF7BA /* Cannon.swift in Sources */,
				75F00F631FE7CAE400F83F0A /* Gem.swift in Sources */,
				75F00F7C1FE7E69300F83F0A /* Swap.swift in Sources */,
				7EB9CA9E1FF65627002C5F04 /* LevelSelection.swift in Sources */,
				750F13AD1FEA1F3600121507 /* PersistentEntity.swift in Sources */,
				75F00F6D1FE7DF5F00F83F0A /* Tile.swift in Sources */,
				75197E2D1FE7C5F00006EDBA /* GameController.swift in Sources */,
				750F139D1FE9DC7500121507 /* AppDelegate.swift in Sources */,
				7E275DB11FF5D909009A00C9 /* MainMenu.swift in Sources */,
				75197E251FE7C5F00006EDBA /* (null) in Sources */,
				750F13AC1FEA1F3600121507 /* Database.swift in Sources */,
				75F00F661FE7CD4300F83F0A /* Array2D.swift in Sources */,
			);
			runOnlyForDeploymentPostprocessing = 0;
		};
/* End PBXSourcesBuildPhase section */

/* Begin PBXVariantGroup section */
		75197E2E1FE7C5F00006EDBA /* Main.storyboard */ = {
			isa = PBXVariantGroup;
			children = (
				75197E2F1FE7C5F00006EDBA /* Base */,
			);
			name = Main.storyboard;
			sourceTree = "<group>";
		};
		75197E331FE7C5F00006EDBA /* LaunchScreen.storyboard */ = {
			isa = PBXVariantGroup;
			children = (
				75197E341FE7C5F00006EDBA /* Base */,
			);
			name = LaunchScreen.storyboard;
			sourceTree = "<group>";
		};
/* End PBXVariantGroup section */

/* Begin XCBuildConfiguration section */
		75197E371FE7C5F00006EDBA /* Debug */ = {
			isa = XCBuildConfiguration;
			buildSettings = {
				ALWAYS_SEARCH_USER_PATHS = NO;
				CLANG_ANALYZER_NONNULL = YES;
				CLANG_ANALYZER_NUMBER_OBJECT_CONVERSION = YES_AGGRESSIVE;
				CLANG_CXX_LANGUAGE_STANDARD = "gnu++14";
				CLANG_CXX_LIBRARY = "libc++";
				CLANG_ENABLE_MODULES = YES;
				CLANG_ENABLE_OBJC_ARC = YES;
				CLANG_WARN_BLOCK_CAPTURE_AUTORELEASING = YES;
				CLANG_WARN_BOOL_CONVERSION = YES;
				CLANG_WARN_COMMA = YES;
				CLANG_WARN_CONSTANT_CONVERSION = YES;
				CLANG_WARN_DIRECT_OBJC_ISA_USAGE = YES_ERROR;
				CLANG_WARN_DOCUMENTATION_COMMENTS = YES;
				CLANG_WARN_EMPTY_BODY = YES;
				CLANG_WARN_ENUM_CONVERSION = YES;
				CLANG_WARN_INFINITE_RECURSION = YES;
				CLANG_WARN_INT_CONVERSION = YES;
				CLANG_WARN_NON_LITERAL_NULL_CONVERSION = YES;
				CLANG_WARN_OBJC_LITERAL_CONVERSION = YES;
				CLANG_WARN_OBJC_ROOT_CLASS = YES_ERROR;
				CLANG_WARN_RANGE_LOOP_ANALYSIS = YES;
				CLANG_WARN_STRICT_PROTOTYPES = YES;
				CLANG_WARN_SUSPICIOUS_MOVE = YES;
				CLANG_WARN_UNGUARDED_AVAILABILITY = YES_AGGRESSIVE;
				CLANG_WARN_UNREACHABLE_CODE = YES;
				CLANG_WARN__DUPLICATE_METHOD_MATCH = YES;
				CODE_SIGN_IDENTITY = "iPhone Developer";
				COPY_PHASE_STRIP = NO;
				DEBUG_INFORMATION_FORMAT = dwarf;
				ENABLE_STRICT_OBJC_MSGSEND = YES;
				ENABLE_TESTABILITY = YES;
				GCC_C_LANGUAGE_STANDARD = gnu11;
				GCC_DYNAMIC_NO_PIC = NO;
				GCC_NO_COMMON_BLOCKS = YES;
				GCC_OPTIMIZATION_LEVEL = 0;
				GCC_PREPROCESSOR_DEFINITIONS = (
					"DEBUG=1",
					"$(inherited)",
				);
				GCC_WARN_64_TO_32_BIT_CONVERSION = YES;
				GCC_WARN_ABOUT_RETURN_TYPE = YES_ERROR;
				GCC_WARN_UNDECLARED_SELECTOR = YES;
				GCC_WARN_UNINITIALIZED_AUTOS = YES_AGGRESSIVE;
				GCC_WARN_UNUSED_FUNCTION = YES;
				GCC_WARN_UNUSED_VARIABLE = YES;
				IPHONEOS_DEPLOYMENT_TARGET = 11.2;
				MTL_ENABLE_DEBUG_INFO = YES;
				ONLY_ACTIVE_ARCH = YES;
				SDKROOT = iphoneos;
				SWIFT_ACTIVE_COMPILATION_CONDITIONS = DEBUG;
				SWIFT_OPTIMIZATION_LEVEL = "-Onone";
			};
			name = Debug;
		};
		75197E381FE7C5F00006EDBA /* Release */ = {
			isa = XCBuildConfiguration;
			buildSettings = {
				ALWAYS_SEARCH_USER_PATHS = NO;
				CLANG_ANALYZER_NONNULL = YES;
				CLANG_ANALYZER_NUMBER_OBJECT_CONVERSION = YES_AGGRESSIVE;
				CLANG_CXX_LANGUAGE_STANDARD = "gnu++14";
				CLANG_CXX_LIBRARY = "libc++";
				CLANG_ENABLE_MODULES = YES;
				CLANG_ENABLE_OBJC_ARC = YES;
				CLANG_WARN_BLOCK_CAPTURE_AUTORELEASING = YES;
				CLANG_WARN_BOOL_CONVERSION = YES;
				CLANG_WARN_COMMA = YES;
				CLANG_WARN_CONSTANT_CONVERSION = YES;
				CLANG_WARN_DIRECT_OBJC_ISA_USAGE = YES_ERROR;
				CLANG_WARN_DOCUMENTATION_COMMENTS = YES;
				CLANG_WARN_EMPTY_BODY = YES;
				CLANG_WARN_ENUM_CONVERSION = YES;
				CLANG_WARN_INFINITE_RECURSION = YES;
				CLANG_WARN_INT_CONVERSION = YES;
				CLANG_WARN_NON_LITERAL_NULL_CONVERSION = YES;
				CLANG_WARN_OBJC_LITERAL_CONVERSION = YES;
				CLANG_WARN_OBJC_ROOT_CLASS = YES_ERROR;
				CLANG_WARN_RANGE_LOOP_ANALYSIS = YES;
				CLANG_WARN_STRICT_PROTOTYPES = YES;
				CLANG_WARN_SUSPICIOUS_MOVE = YES;
				CLANG_WARN_UNGUARDED_AVAILABILITY = YES_AGGRESSIVE;
				CLANG_WARN_UNREACHABLE_CODE = YES;
				CLANG_WARN__DUPLICATE_METHOD_MATCH = YES;
				CODE_SIGN_IDENTITY = "iPhone Developer";
				COPY_PHASE_STRIP = NO;
				DEBUG_INFORMATION_FORMAT = "dwarf-with-dsym";
				ENABLE_NS_ASSERTIONS = NO;
				ENABLE_STRICT_OBJC_MSGSEND = YES;
				GCC_C_LANGUAGE_STANDARD = gnu11;
				GCC_NO_COMMON_BLOCKS = YES;
				GCC_WARN_64_TO_32_BIT_CONVERSION = YES;
				GCC_WARN_ABOUT_RETURN_TYPE = YES_ERROR;
				GCC_WARN_UNDECLARED_SELECTOR = YES;
				GCC_WARN_UNINITIALIZED_AUTOS = YES_AGGRESSIVE;
				GCC_WARN_UNUSED_FUNCTION = YES;
				GCC_WARN_UNUSED_VARIABLE = YES;
				IPHONEOS_DEPLOYMENT_TARGET = 11.2;
				MTL_ENABLE_DEBUG_INFO = NO;
				SDKROOT = iphoneos;
				SWIFT_OPTIMIZATION_LEVEL = "-Owholemodule";
				VALIDATE_PRODUCT = YES;
			};
			name = Release;
		};
		75197E3A1FE7C5F00006EDBA /* Debug */ = {
			isa = XCBuildConfiguration;
			baseConfigurationReference = AAE41AE1E837F049E845EA54 /* Pods-SmashMatch.debug.xcconfig */;
			buildSettings = {
				ALWAYS_EMBED_SWIFT_STANDARD_LIBRARIES = YES;
				ASSETCATALOG_COMPILER_APPICON_NAME = AppIcon;
				CLANG_ENABLE_MODULES = YES;
				CODE_SIGN_STYLE = Automatic;
				DEVELOPMENT_TEAM = ND3B2MH3V6;
				INFOPLIST_FILE = "$(SRCROOT)/SmashMatch/Misc/Info.plist";
				IPHONEOS_DEPLOYMENT_TARGET = 10.0;
				LD_RUNPATH_SEARCH_PATHS = "$(inherited) @executable_path/Frameworks";
				PRODUCT_BUNDLE_IDENTIFIER = nz.co.siso.smashmatch;
				PRODUCT_NAME = "$(TARGET_NAME)";
				SWIFT_OPTIMIZATION_LEVEL = "-Onone";
				SWIFT_VERSION = 4.0;
				TARGETED_DEVICE_FAMILY = "1,2";
			};
			name = Debug;
		};
		75197E3B1FE7C5F00006EDBA /* Release */ = {
			isa = XCBuildConfiguration;
			baseConfigurationReference = 542BB719EA50B9834E6C95D3 /* Pods-SmashMatch.release.xcconfig */;
			buildSettings = {
				ALWAYS_EMBED_SWIFT_STANDARD_LIBRARIES = YES;
				ASSETCATALOG_COMPILER_APPICON_NAME = AppIcon;
				CLANG_ENABLE_MODULES = YES;
				CODE_SIGN_STYLE = Automatic;
				DEVELOPMENT_TEAM = ND3B2MH3V6;
				INFOPLIST_FILE = "$(SRCROOT)/SmashMatch/Misc/Info.plist";
				IPHONEOS_DEPLOYMENT_TARGET = 10.0;
				LD_RUNPATH_SEARCH_PATHS = "$(inherited) @executable_path/Frameworks";
				PRODUCT_BUNDLE_IDENTIFIER = nz.co.siso.smashmatch;
				PRODUCT_NAME = "$(TARGET_NAME)";
				SWIFT_VERSION = 4.0;
				TARGETED_DEVICE_FAMILY = "1,2";
			};
			name = Release;
		};
/* End XCBuildConfiguration section */

/* Begin XCConfigurationList section */
		75197E1C1FE7C5F00006EDBA /* Build configuration list for PBXProject "SmashMatch" */ = {
			isa = XCConfigurationList;
			buildConfigurations = (
				75197E371FE7C5F00006EDBA /* Debug */,
				75197E381FE7C5F00006EDBA /* Release */,
			);
			defaultConfigurationIsVisible = 0;
			defaultConfigurationName = Release;
		};
		75197E391FE7C5F00006EDBA /* Build configuration list for PBXNativeTarget "SmashMatch" */ = {
			isa = XCConfigurationList;
			buildConfigurations = (
				75197E3A1FE7C5F00006EDBA /* Debug */,
				75197E3B1FE7C5F00006EDBA /* Release */,
			);
			defaultConfigurationIsVisible = 0;
			defaultConfigurationName = Release;
		};
/* End XCConfigurationList section */
	};
	rootObject = 75197E191FE7C5F00006EDBA /* Project object */;
}
